
Microsoft Visual Studio Solution File, Format Version 12.00
# Visual Studio 15
VisualStudioVersion = 15.0.26730.16
MinimumVisualStudioVersion = 10.0.40219.1
Project("{FAE04EC0-301F-11D3-BF4B-00C04F79EFBC}") = "MediaInventory", "MediaInventory\MediaInventory.csproj", "{62A2C2FC-A3D2-403A-91B7-E88F332847A5}"
EndProject
Project("{FAE04EC0-301F-11D3-BF4B-00C04F79EFBC}") = "MediaInventory.Tests", "MediaInventory.Tests\MediaInventory.Tests.csproj", "{0967D731-1E40-472E-BABC-A4AF601BCF07}"
EndProject
Project("{FAE04EC0-301F-11D3-BF4B-00C04F79EFBC}") = "MediaInventory.Ui", "MediaInventory.Ui\MediaInventory.Ui.csproj", "{5738712F-5934-4FF5-828C-68B9201AB372}"
EndProject
Global
	GlobalSection(SolutionConfigurationPlatforms) = preSolution
		Debug|Any CPU = Debug|Any CPU
		Release|Any CPU = Release|Any CPU
	EndGlobalSection
	GlobalSection(ProjectConfigurationPlatforms) = postSolution
		{62A2C2FC-A3D2-403A-91B7-E88F332847A5}.Debug|Any CPU.ActiveCfg = Debug|Any CPU
		{62A2C2FC-A3D2-403A-91B7-E88F332847A5}.Debug|Any CPU.Build.0 = Debug|Any CPU
		{62A2C2FC-A3D2-403A-91B7-E88F332847A5}.Release|Any CPU.ActiveCfg = Release|Any CPU
		{62A2C2FC-A3D2-403A-91B7-E88F332847A5}.Release|Any CPU.Build.0 = Release|Any CPU
		{0967D731-1E40-472E-BABC-A4AF601BCF07}.Debug|Any CPU.ActiveCfg = Debug|Any CPU
		{0967D731-1E40-472E-BABC-A4AF601BCF07}.Debug|Any CPU.Build.0 = Debug|Any CPU
		{0967D731-1E40-472E-BABC-A4AF601BCF07}.Release|Any CPU.ActiveCfg = Release|Any CPU
		{0967D731-1E40-472E-BABC-A4AF601BCF07}.Release|Any CPU.Build.0 = Release|Any CPU
		{5738712F-5934-4FF5-828C-68B9201AB372}.Debug|Any CPU.ActiveCfg = Debug|Any CPU
		{5738712F-5934-4FF5-828C-68B9201AB372}.Debug|Any CPU.Build.0 = Debug|Any CPU
		{5738712F-5934-4FF5-828C-68B9201AB372}.Release|Any CPU.ActiveCfg = Release|Any CPU
		{5738712F-5934-4FF5-828C-68B9201AB372}.Release|Any CPU.Build.0 = Release|Any CPU
	EndGlobalSection
	GlobalSection(SolutionProperties) = preSolution
		HideSolutionNode = FALSE
	EndGlobalSection
	GlobalSection(ExtensibilityGlobals) = postSolution
		SolutionGuid = {98BC20E9-8FC7-4ECC-9DAC-868DA044DC15}
	EndGlobalSection
EndGlobal
